Microsoft Visual Studio Solution File, Format Version 11.00
# Visual Studio 2008

Project("{EB9806A5-6E1E-80B6-9CC9-A606B36CFE4B}") = "JJ", "Assembly-CSharp.csproj", "{33189F4C-7795-95F5-C3C7-B82BC5E271F7}"
EndProject
Global
	GlobalSection(SolutionConfigurationPlatforms) = preSolution
		Debug|Any CPU = Debug|Any CPU
		Release|Any CPU = Release|Any CPU
	EndGlobalSection
	GlobalSection(ProjectConfigurationPlatforms) = postSolution
		{33189F4C-7795-95F5-C3C7-B82BC5E271F7}.Debug|Any CPU.ActiveCfg = Debug|Any CPU
		{33189F4C-7795-95F5-C3C7-B82BC5E271F7}.Debug|Any CPU.Build.0 = Debug|Any CPU
		{33189F4C-7795-95F5-C3C7-B82BC5E271F7}.Release|Any CPU.ActiveCfg = Release|Any CPU
		{33189F4C-7795-95F5-C3C7-B82BC5E271F7}.Release|Any CPU.Build.0 = Release|Any CPU
	EndGlobalSection
	GlobalSection(SolutionProperties) = preSolution
		HideSolutionNode = FALSE
	EndGlobalSection
	GlobalSection(MonoDevelopProperties) = preSolution
		StartupItem = Assembly-CSharp.csproj
	EndGlobalSection
EndGlobal
